// !$*UTF8*$!
{
	archiveVersion = 1;
	classes = {
	};
	objectVersion = 50;
	objects = {

/* Begin PBXBuildFile section */
		C68E9FE62414F8B40038F5E9 /* AppDelegate.swift in Sources */ = {isa = PBXBuildFile; fileRef = C68E9FE52414F8B40038F5E9 /* AppDelegate.swift */; };
		C68E9FE82414F8B40038F5E9 /* SceneDelegate.swift in Sources */ = {isa = PBXBuildFile; fileRef = C68E9FE72414F8B40038F5E9 /* SceneDelegate.swift */; };
		C68E9FEA2414F8B40038F5E9 /* ViewController.swift in Sources */ = {isa = PBXBuildFile; fileRef = C68E9FE92414F8B40038F5E9 /* ViewController.swift */; };
		C68E9FED2414F8B40038F5E9 /* Main.storyboard in Resources */ = {isa = PBXBuildFile; fileRef = C68E9FEB2414F8B40038F5E9 /* Main.storyboard */; };
		C68E9FEF2414F8BB0038F5E9 /* Assets.xcassets in Resources */ = {isa = PBXBuildFile; fileRef = C68E9FEE2414F8BB0038F5E9 /* Assets.xcassets */; };
		C68E9FF22414F8BB0038F5E9 /* LaunchScreen.storyboard in Resources */ = {isa = PBXBuildFile; fileRef = C68E9FF02414F8BB0038F5E9 /* LaunchScreen.storyboard */; };
		C68E9FFD2414F8BB0038F5E9 /* GitxingTests.swift in Sources */ = {isa = PBXBuildFile; fileRef = C68E9FFC2414F8BB0038F5E9 /* GitxingTests.swift */; };
/* End PBXBuildFile section */

/* Begin PBXContainerItemProxy section */
		C68E9FF92414F8BB0038F5E9 /* PBXContainerItemProxy */ = {
			isa = PBXContainerItemProxy;
			containerPortal = C68E9FDA2414F8B40038F5E9 /* Project object */;
			proxyType = 1;
			remoteGlobalIDString = C68E9FE12414F8B40038F5E9;
			remoteInfo = Gitxing;
		};
/* End PBXContainerItemProxy section */

/* Begin PBXFileReference section */
		C68E9FE22414F8B40038F5E9 /* Gitxing.app */ = {isa = PBXFileReference; explicitFileType = wrapper.application; includeInIndex = 0; path = Gitxing.app; sourceTree = BUILT_PRODUCTS_DIR; };
		C68E9FE52414F8B40038F5E9 /* AppDelegate.swift */ = {isa = PBXFileReference; lastKnownFileType = sourcecode.swift; path = AppDelegate.swift; sourceTree = "<group>"; };
		C68E9FE72414F8B40038F5E9 /* SceneDelegate.swift */ = {isa = PBXFileReference; lastKnownFileType = sourcecode.swift; path = SceneDelegate.swift; sourceTree = "<group>"; };
		C68E9FE92414F8B40038F5E9 /* ViewController.swift */ = {isa = PBXFileReference; lastKnownFileType = sourcecode.swift; path = ViewController.swift; sourceTree = "<group>"; };
		C68E9FEC2414F8B40038F5E9 /* Base */ = {isa = PBXFileReference; lastKnownFileType = file.storyboard; name = Base; path = Base.lproj/Main.storyboard; sourceTree = "<group>"; };
		C68E9FEE2414F8BB0038F5E9 /* Assets.xcassets */ = {isa = PBXFileReference; lastKnownFileType = folder.assetcatalog; path = Assets.xcassets; sourceTree = "<group>"; };
		C68E9FF12414F8BB0038F5E9 /* Base */ = {isa = PBXFileReference; lastKnownFileType = file.storyboard; name = Base; path = Base.lproj/LaunchScreen.storyboard; sourceTree = "<group>"; };
		C68E9FF32414F8BB0038F5E9 /* Info.plist */ = {isa = PBXFileReference; lastKnownFileType = text.plist.xml; path = Info.plist; sourceTree = "<group>"; };
		C68E9FF82414F8BB0038F5E9 /* GitxingTests.xctest */ = {isa = PBXFileReference; explicitFileType = wrapper.cfbundle; includeInIndex = 0; path = GitxingTests.xctest; sourceTree = BUILT_PRODUCTS_DIR; };
		C68E9FFC2414F8BB0038F5E9 /* GitxingTests.swift */ = {isa = PBXFileReference; lastKnownFileType = sourcecode.swift; path = GitxingTests.swift; sourceTree = "<group>"; };
		C68E9FFE2414F8BB0038F5E9 /* Info.plist */ = {isa = PBXFileReference; lastKnownFileType = text.plist.xml; path = Info.plist; sourceTree = "<group>"; };
/* End PBXFileReference section */

/* Begin PBXFrameworksBuildPhase section */
		C68E9FDF2414F8B40038F5E9 /* Frameworks */ = {
			isa = PBXFrameworksBuildPhase;
			buildActionMask = 2147483647;
			files = (
			);
			runOnlyForDeploymentPostprocessing = 0;
		};
		C68E9FF52414F8BB0038F5E9 /* Frameworks */ = {
			isa = PBXFrameworksBuildPhase;
			buildActionMask = 2147483647;
			files = (
			);
			runOnlyForDeploymentPostprocessing = 0;
		};
/* End PBXFrameworksBuildPhase section */

/* Begin PBXGroup section */
		C68E9FD92414F8B40038F5E9 = {
			isa = PBXGroup;
			children = (
				C68E9FE42414F8B40038F5E9 /* Gitxing */,
				C68E9FFB2414F8BB0038F5E9 /* GitxingTests */,
				C68E9FE32414F8B40038F5E9 /* Products */,
			);
			sourceTree = "<group>";
		};
		C68E9FE32414F8B40038F5E9 /* Products */ = {
			isa = PBXGroup;
			children = (
				C68E9FE22414F8B40038F5E9 /* Gitxing.app */,
				C68E9FF82414F8BB0038F5E9 /* GitxingTests.xctest */,
			);
			name = Products;
			sourceTree = "<group>";
		};
		C68E9FE42414F8B40038F5E9 /* Gitxing */ = {
			isa = PBXGroup;
			children = (
				C68E9FE52414F8B40038F5E9 /* AppDelegate.swift */,
				C68E9FE72414F8B40038F5E9 /* SceneDelegate.swift */,
				C68E9FE92414F8B40038F5E9 /* ViewController.swift */,
				C68E9FEB2414F8B40038F5E9 /* Main.storyboard */,
				C68E9FEE2414F8BB0038F5E9 /* Assets.xcassets */,
				C68E9FF02414F8BB0038F5E9 /* LaunchScreen.storyboard */,
				C68E9FF32414F8BB0038F5E9 /* Info.plist */,
			);
			path = Gitxing;
			sourceTree = "<group>";
		};
		C68E9FFB2414F8BB0038F5E9 /* GitxingTests */ = {
			isa = PBXGroup;
			children = (
				C68E9FFC2414F8BB0038F5E9 /* GitxingTests.swift */,
				C68E9FFE2414F8BB0038F5E9 /* Info.plist */,
			);
			path = GitxingTests;
			sourceTree = "<group>";
		};
/* End PBXGroup section */

/* Begin PBXNativeTarget section */
		C68E9FE12414F8B40038F5E9 /* Gitxing */ = {
			isa = PBXNativeTarget;
			buildConfigurationList = C68EA0012414F8BB0038F5E9 /* Build configuration list for PBXNativeTarget "Gitxing" */;
			buildPhases = (
				C68E9FDE2414F8B40038F5E9 /* Sources */,
				C68E9FDF2414F8B40038F5E9 /* Frameworks */,
				C68E9FE02414F8B40038F5E9 /* Resources */,
			);
			buildRules = (
			);
			dependencies = (
			);
			name = Gitxing;
			productName = Gitxing;
			productReference = C68E9FE22414F8B40038F5E9 /* Gitxing.app */;
			productType = "com.apple.product-type.application";
		};
		C68E9FF72414F8BB0038F5E9 /* GitxingTests */ = {
			isa = PBXNativeTarget;
			buildConfigurationList = C68EA0042414F8BB0038F5E9 /* Build configuration list for PBXNativeTarget "GitxingTests" */;
			buildPhases = (
				C68E9FF42414F8BB0038F5E9 /* Sources */,
				C68E9FF52414F8BB0038F5E9 /* Frameworks */,
				C68E9FF62414F8BB0038F5E9 /* Resources */,
			);
			buildRules = (
			);
			dependencies = (
				C68E9FFA2414F8BB0038F5E9 /* PBXTargetDependency */,
			);
			name = GitxingTests;
			productName = GitxingTests;
			productReference = C68E9FF82414F8BB0038F5E9 /* GitxingTests.xctest */;
			productType = "com.apple.product-type.bundle.unit-test";
		};
/* End PBXNativeTarget section */

/* Begin PBXProject section */
		C68E9FDA2414F8B40038F5E9 /* Project object */ = {
			isa = PBXProject;
			attributes = {
				LastSwiftUpdateCheck = 1130;
				LastUpgradeCheck = 1130;
				ORGANIZATIONNAME = "Ionut Ivan";
				TargetAttributes = {
					C68E9FE12414F8B40038F5E9 = {
						CreatedOnToolsVersion = 11.3.1;
					};
					C68E9FF72414F8BB0038F5E9 = {
						CreatedOnToolsVersion = 11.3.1;
						TestTargetID = C68E9FE12414F8B40038F5E9;
					};
				};
			};
			buildConfigurationList = C68E9FDD2414F8B40038F5E9 /* Build configuration list for PBXProject "Gitxing" */;
			compatibilityVersion = "Xcode 9.3";
			developmentRegion = en;
			hasScannedForEncodings = 0;
			knownRegions = (
				en,
				Base,
			);
			mainGroup = C68E9FD92414F8B40038F5E9;
			productRefGroup = C68E9FE32414F8B40038F5E9 /* Products */;
			projectDirPath = "";
			projectRoot = "";
			targets = (
				C68E9FE12414F8B40038F5E9 /* Gitxing */,
				C68E9FF72414F8BB0038F5E9 /* GitxingTests */,
			);
		};
/* End PBXProject section */

/* Begin PBXResourcesBuildPhase section */
		C68E9FE02414F8B40038F5E9 /* Resources */ = {
			isa = PBXResourcesBuildPhase;
			buildActionMask = 2147483647;
			files = (
				C68E9FF22414F8BB0038F5E9 /* LaunchScreen.storyboard in Resources */,
				C68E9FEF2414F8BB0038F5E9 /* Assets.xcassets in Resources */,
				C68E9FED2414F8B40038F5E9 /* Main.storyboard in Resources */,
			);
			runOnlyForDeploymentPostprocessing = 0;
		};
		C68E9FF62414F8BB0038F5E9 /* Resources */ = {
			isa = PBXResourcesBuildPhase;
			buildActionMask = 2147483647;
			files = (
			);
			runOnlyForDeploymentPostprocessing = 0;
		};
/* End PBXResourcesBuildPhase section */

/* Begin PBXSourcesBuildPhase section */
		C68E9FDE2414F8B40038F5E9 /* Sources */ = {
			isa = PBXSourcesBuildPhase;
			buildActionMask = 2147483647;
			files = (
				C68E9FEA2414F8B40038F5E9 /* ViewController.swift in Sources */,
				C68E9FE62414F8B40038F5E9 /* AppDelegate.swift in Sources */,
				C68E9FE82414F8B40038F5E9 /* SceneDelegate.swift in Sources */,
			);
			runOnlyForDeploymentPostprocessing = 0;
		};
		C68E9FF42414F8BB0038F5E9 /* Sources */ = {
			isa = PBXSourcesBuildPhase;
			buildActionMask = 2147483647;
			files = (
				C68E9FFD2414F8BB0038F5E9 /* GitxingTests.swift in Sources */,
			);
			runOnlyForDeploymentPostprocessing = 0;
		};
/* End PBXSourcesBuildPhase section */

/* Begin PBXTargetDependency section */
		C68E9FFA2414F8BB0038F5E9 /* PBXTargetDependency */ = {
			isa = PBXTargetDependency;
			target = C68E9FE12414F8B40038F5E9 /* Gitxing */;
			targetProxy = C68E9FF92414F8BB0038F5E9 /* PBXContainerItemProxy */;
		};
/* End PBXTargetDependency section */

/* Begin PBXVariantGroup section */
		C68E9FEB2414F8B40038F5E9 /* Main.storyboard */ = {
			isa = PBXVariantGroup;
			children = (
				C68E9FEC2414F8B40038F5E9 /* Base */,
			);
			name = Main.storyboard;
			sourceTree = "<group>";
		};
		C68E9FF02414F8BB0038F5E9 /* LaunchScreen.storyboard */ = {
			isa = PBXVariantGroup;
			children = (
				C68E9FF12414F8BB0038F5E9 /* Base */,
			);
			name = LaunchScreen.storyboard;
			sourceTree = "<group>";
		};
/* End PBXVariantGroup section */

/* Begin XCBuildConfiguration section */
		C68E9FFF2414F8BB0038F5E9 /* Debug */ = {
			isa = XCBuildConfiguration;
			buildSettings = {
				ALWAYS_SEARCH_USER_PATHS = NO;
				CLANG_ANALYZER_NONNULL = YES;
				CLANG_ANALYZER_NUMBER_OBJECT_CONVERSION = YES_AGGRESSIVE;
				CLANG_CXX_LANGUAGE_STANDARD = "gnu++14";
				CLANG_CXX_LIBRARY = "libc++";
				CLANG_ENABLE_MODULES = YES;
				CLANG_ENABLE_OBJC_ARC = YES;
				CLANG_ENABLE_OBJC_WEAK = YES;
				CLANG_WARN_BLOCK_CAPTURE_AUTORELEASING = YES;
				CLANG_WARN_BOOL_CONVERSION = YES;
				CLANG_WARN_COMMA = YES;
				CLANG_WARN_CONSTANT_CONVERSION = YES;
				CLANG_WARN_DEPRECATED_OBJC_IMPLEMENTATIONS = YES;
				CLANG_WARN_DIRECT_OBJC_ISA_USAGE = YES_ERROR;
				CLANG_WARN_DOCUMENTATION_COMMENTS = YES;
				CLANG_WARN_EMPTY_BODY = YES;
				CLANG_WARN_ENUM_CONVERSION = YES;
				CLANG_WARN_INFINITE_RECURSION = YES;
				CLANG_WARN_INT_CONVERSION = YES;
				CLANG_WARN_NON_LITERAL_NULL_CONVERSION = YES;
				CLANG_WARN_OBJC_IMPLICIT_RETAIN_SELF = YES;
				CLANG_WARN_OBJC_LITERAL_CONVERSION = YES;
				CLANG_WARN_OBJC_ROOT_CLASS = YES_ERROR;
				CLANG_WARN_RANGE_LOOP_ANALYSIS = YES;
				CLANG_WARN_STRICT_PROTOTYPES = YES;
				CLANG_WARN_SUSPICIOUS_MOVE = YES;
				CLANG_WARN_UNGUARDED_AVAILABILITY = YES_AGGRESSIVE;
				CLANG_WARN_UNREACHABLE_CODE = YES;
				CLANG_WARN__DUPLICATE_METHOD_MATCH = YES;
				COPY_PHASE_STRIP = NO;
				DEBUG_INFORMATION_FORMAT = dwarf;
				ENABLE_STRICT_OBJC_MSGSEND = YES;
				ENABLE_TESTABILITY = YES;
				GCC_C_LANGUAGE_STANDARD = gnu11;
				GCC_DYNAMIC_NO_PIC = NO;
				GCC_NO_COMMON_BLOCKS = YES;
				GCC_OPTIMIZATION_LEVEL = 0;
				GCC_PREPROCESSOR_DEFINITIONS = (
					"DEBUG=1",
					"$(inherited)",
				);
				GCC_WARN_64_TO_32_BIT_CONVERSION = YES;
				GCC_WARN_ABOUT_RETURN_TYPE = YES_ERROR;
				GCC_WARN_UNDECLARED_SELECTOR = YES;
				GCC_WARN_UNINITIALIZED_AUTOS = YES_AGGRESSIVE;
				GCC_WARN_UNUSED_FUNCTION = YES;
				GCC_WARN_UNUSED_VARIABLE = YES;
				IPHONEOS_DEPLOYMENT_TARGET = 13.2;
				MTL_ENABLE_DEBUG_INFO = INCLUDE_SOURCE;
				MTL_FAST_MATH = YES;
				ONLY_ACTIVE_ARCH = YES;
				SDKROOT = iphoneos;
				SWIFT_ACTIVE_COMPILATION_CONDITIONS = DEBUG;
				SWIFT_OPTIMIZATION_LEVEL = "-Onone";
			};
			name = Debug;
		};
		C68EA0002414F8BB0038F5E9 /* Release */ = {
			isa = XCBuildConfiguration;
			buildSettings = {
				ALWAYS_SEARCH_USER_PATHS = NO;
				CLANG_ANALYZER_NONNULL = YES;
				CLANG_ANALYZER_NUMBER_OBJECT_CONVERSION = YES_AGGRESSIVE;
				CLANG_CXX_LANGUAGE_STANDARD = "gnu++14";
				CLANG_CXX_LIBRARY = "libc++";
				CLANG_ENABLE_MODULES = YES;
				CLANG_ENABLE_OBJC_ARC = YES;
				CLANG_ENABLE_OBJC_WEAK = YES;
				CLANG_WARN_BLOCK_CAPTURE_AUTORELEASING = YES;
				CLANG_WARN_BOOL_CONVERSION = YES;
				CLANG_WARN_COMMA = YES;
				CLANG_WARN_CONSTANT_CONVERSION = YES;
				CLANG_WARN_DEPRECATED_OBJC_IMPLEMENTATIONS = YES;
				CLANG_WARN_DIRECT_OBJC_ISA_USAGE = YES_ERROR;
				CLANG_WARN_DOCUMENTATION_COMMENTS = YES;
				CLANG_WARN_EMPTY_BODY = YES;
				CLANG_WARN_ENUM_CONVERSION = YES;
				CLANG_WARN_INFINITE_RECURSION = YES;
				CLANG_WARN_INT_CONVERSION = YES;
				CLANG_WARN_NON_LITERAL_NULL_CONVERSION = YES;
				CLANG_WARN_OBJC_IMPLICIT_RETAIN_SELF = YES;
				CLANG_WARN_OBJC_LITERAL_CONVERSION = YES;
				CLANG_WARN_OBJC_ROOT_CLASS = YES_ERROR;
				CLANG_WARN_RANGE_LOOP_ANALYSIS = YES;
				CLANG_WARN_STRICT_PROTOTYPES = YES;
				CLANG_WARN_SUSPICIOUS_MOVE = YES;
				CLANG_WARN_UNGUARDED_AVAILABILITY = YES_AGGRESSIVE;
				CLANG_WARN_UNREACHABLE_CODE = YES;
				CLANG_WARN__DUPLICATE_METHOD_MATCH = YES;
				COPY_PHASE_STRIP = NO;
				DEBUG_INFORMATION_FORMAT = "dwarf-with-dsym";
				ENABLE_NS_ASSERTIONS = NO;
				ENABLE_STRICT_OBJC_MSGSEND = YES;
				GCC_C_LANGUAGE_STANDARD = gnu11;
				GCC_NO_COMMON_BLOCKS = YES;
				GCC_WARN_64_TO_32_BIT_CONVERSION = YES;
				GCC_WARN_ABOUT_RETURN_TYPE = YES_ERROR;
				GCC_WARN_UNDECLARED_SELECTOR = YES;
				GCC_WARN_UNINITIALIZED_AUTOS = YES_AGGRESSIVE;
				GCC_WARN_UNUSED_FUNCTION = YES;
				GCC_WARN_UNUSED_VARIABLE = YES;
				IPHONEOS_DEPLOYMENT_TARGET = 13.2;
				MTL_ENABLE_DEBUG_INFO = NO;
				MTL_FAST_MATH = YES;
				SDKROOT = iphoneos;
				SWIFT_COMPILATION_MODE = wholemodule;
				SWIFT_OPTIMIZATION_LEVEL = "-O";
				VALIDATE_PRODUCT = YES;
			};
			name = Release;
		};
		C68EA0022414F8BB0038F5E9 /* Debug */ = {
			isa = XCBuildConfiguration;
			buildSettings = {
				ASSETCATALOG_COMPILER_APPICON_NAME = AppIcon;
				CODE_SIGN_STYLE = Automatic;
				INFOPLIST_FILE = Gitxing/Info.plist;
				LD_RUNPATH_SEARCH_PATHS = (
					"$(inherited)",
					"@executable_path/Frameworks",
				);
				PRODUCT_BUNDLE_IDENTIFIER = com.nasa.Gitxing;
				PRODUCT_NAME = "$(TARGET_NAME)";
				SWIFT_VERSION = 5.0;
				TARGETED_DEVICE_FAMILY = "1,2";
			};
			name = Debug;
		};
		C68EA0032414F8BB0038F5E9 /* Release */ = {
			isa = XCBuildConfiguration;
			buildSettings = {
				ASSETCATALOG_COMPILER_APPICON_NAME = AppIcon;
				CODE_SIGN_STYLE = Automatic;
				INFOPLIST_FILE = Gitxing/Info.plist;
				LD_RUNPATH_SEARCH_PATHS = (
					"$(inherited)",
					"@executable_path/Frameworks",
				);
				PRODUCT_BUNDLE_IDENTIFIER = com.nasa.Gitxing;
				PRODUCT_NAME = "$(TARGET_NAME)";
				SWIFT_VERSION = 5.0;
				TARGETED_DEVICE_FAMILY = "1,2";
			};
			name = Release;
		};
		C68EA0052414F8BB0038F5E9 /* Debug */ = {
			isa = XCBuildConfiguration;
			buildSettings = {
				ALWAYS_EMBED_SWIFT_STANDARD_LIBRARIES = YES;
				BUNDLE_LOADER = "$(TEST_HOST)";
				CODE_SIGN_STYLE = Automatic;
				INFOPLIST_FILE = GitxingTests/Info.plist;
				IPHONEOS_DEPLOYMENT_TARGET = 13.2;
				LD_RUNPATH_SEARCH_PATHS = (
					"$(inherited)",
					"@executable_path/Frameworks",
					"@loader_path/Frameworks",
				);
				PRODUCT_BUNDLE_IDENTIFIER = com.nasa.GitxingTests;
				PRODUCT_NAME = "$(TARGET_NAME)";
				SWIFT_VERSION = 5.0;
				TARGETED_DEVICE_FAMILY = "1,2";
				TEST_HOST = "$(BUILT_PRODUCTS_DIR)/Gitxing.app/Gitxing";
			};
			name = Debug;
		};
		C68EA0062414F8BB0038F5E9 /* Release */ = {
			isa = XCBuildConfiguration;
			buildSettings = {
				ALWAYS_EMBED_SWIFT_STANDARD_LIBRARIES = YES;
				BUNDLE_LOADER = "$(TEST_HOST)";
				CODE_SIGN_STYLE = Automatic;
				INFOPLIST_FILE = GitxingTests/Info.plist;
				IPHONEOS_DEPLOYMENT_TARGET = 13.2;
				LD_RUNPATH_SEARCH_PATHS = (
					"$(inherited)",
					"@executable_path/Frameworks",
					"@loader_path/Frameworks",
				);
				PRODUCT_BUNDLE_IDENTIFIER = com.nasa.GitxingTests;
				PRODUCT_NAME = "$(TARGET_NAME)";
				SWIFT_VERSION = 5.0;
				TARGETED_DEVICE_FAMILY = "1,2";
				TEST_HOST = "$(BUILT_PRODUCTS_DIR)/Gitxing.app/Gitxing";
			};
			name = Release;
		};
/* End XCBuildConfiguration section */

/* Begin XCConfigurationList section */
		C68E9FDD2414F8B40038F5E9 /* Build configuration list for PBXProject "Gitxing" */ = {
			isa = XCConfigurationList;
			buildConfigurations = (
				C68E9FFF2414F8BB0038F5E9 /* Debug */,
				C68EA0002414F8BB0038F5E9 /* Release */,
			);
			defaultConfigurationIsVisible = 0;
			defaultConfigurationName = Release;
		};
		C68EA0012414F8BB0038F5E9 /* Build configuration list for PBXNativeTarget "Gitxing" */ = {
			isa = XCConfigurationList;
			buildConfigurations = (
				C68EA0022414F8BB0038F5E9 /* Debug */,
				C68EA0032414F8BB0038F5E9 /* Release */,
			);
			defaultConfigurationIsVisible = 0;
			defaultConfigurationName = Release;
		};
		C68EA0042414F8BB0038F5E9 /* Build configuration list for PBXNativeTarget "GitxingTests" */ = {
			isa = XCConfigurationList;
			buildConfigurations = (
				C68EA0052414F8BB0038F5E9 /* Debug */,
				C68EA0062414F8BB0038F5E9 /* Release */,
			);
			defaultConfigurationIsVisible = 0;
			defaultConfigurationName = Release;
		};
/* End XCConfigurationList section */
	};
	rootObject = C68E9FDA2414F8B40038F5E9 /* Project object */;
}
